
Microsoft Visual Studio Solution File, Format Version 12.00
# Visual Studio Version 17
VisualStudioVersion = 17.7.34031.279
MinimumVisualStudioVersion = 10.0.40219.1
Project("{FAE04EC0-301F-11D3-BF4B-00C04F79EFBC}") = "Practice_3", "Practice_3\Practice_3.csproj", "{68451F94-1C26-49F5-BDBF-672B37C1B1F1}"
EndProject
Global
	GlobalSection(SolutionConfigurationPlatforms) = preSolution
		Debug|Any CPU = Debug|Any CPU
		Release|Any CPU = Release|Any CPU
	EndGlobalSection
	GlobalSection(ProjectConfigurationPlatforms) = postSolution
		{68451F94-1C26-49F5-BDBF-672B37C1B1F1}.Debug|Any CPU.ActiveCfg = Debug|Any CPU
		{68451F94-1C26-49F5-BDBF-672B37C1B1F1}.Debug|Any CPU.Build.0 = Debug|Any CPU
		{68451F94-1C26-49F5-BDBF-672B37C1B1F1}.Release|Any CPU.ActiveCfg = Release|Any CPU
		{68451F94-1C26-49F5-BDBF-672B37C1B1F1}.Release|Any CPU.Build.0 = Release|Any CPU
	EndGlobalSection
	GlobalSection(SolutionProperties) = preSolution
		HideSolutionNode = FALSE
	EndGlobalSection
	GlobalSection(ExtensibilityGlobals) = postSolution
		SolutionGuid = {2C14916F-FDEB-4D64-BA08-2028B8CFAFCB}
	EndGlobalSection
EndGlobal
